
Microsoft Visual Studio Solution File, Format Version 12.00
# Visual Studio 15
Project("{FAE04EC0-301F-11D3-BF4B-00C04F79EFBC}") = "ExportedProject", "ExportedProject.csproj", "{76C1D374-61D2-3C70-5C8D-28C5C6C96D20}"
EndProject
Project("{FAE04EC0-301F-11D3-BF4B-00C04F79EFBC}") = "ExportedProject.Plugins", "ExportedProject.Plugins.csproj", "{C04EB201-295B-94CB-CD33-B7C7D6166A23}"
EndProject
Global
	GlobalSection(SolutionConfigurationPlatforms) = preSolution
		Debug|Any CPU = Debug|Any CPU
		Release|Any CPU = Release|Any CPU
	EndGlobalSection
	GlobalSection(ProjectConfigurationPlatforms) = postSolution
		{76C1D374-61D2-3C70-5C8D-28C5C6C96D20}.Debug|Any CPU.ActiveCfg = Debug|Any CPU
		{76C1D374-61D2-3C70-5C8D-28C5C6C96D20}.Debug|Any CPU.Build.0 = Debug|Any CPU
		{76C1D374-61D2-3C70-5C8D-28C5C6C96D20}.Release|Any CPU.ActiveCfg = Release|Any CPU
		{76C1D374-61D2-3C70-5C8D-28C5C6C96D20}.Release|Any CPU.Build.0 = Release|Any CPU
		{C04EB201-295B-94CB-CD33-B7C7D6166A23}.Debug|Any CPU.ActiveCfg = Debug|Any CPU
		{C04EB201-295B-94CB-CD33-B7C7D6166A23}.Debug|Any CPU.Build.0 = Debug|Any CPU
		{C04EB201-295B-94CB-CD33-B7C7D6166A23}.Release|Any CPU.ActiveCfg = Release|Any CPU
		{C04EB201-295B-94CB-CD33-B7C7D6166A23}.Release|Any CPU.Build.0 = Release|Any CPU
	EndGlobalSection
	GlobalSection(SolutionProperties) = preSolution
		HideSolutionNode = FALSE
	EndGlobalSection
EndGlobal
